
Microsoft Visual Studio Solution File, Format Version 12.00
# Visual Studio Version 16
VisualStudioVersion = 16.0.29905.134
MinimumVisualStudioVersion = 10.0.40219.1
Project("{9A19103F-16F7-4668-BE54-9A1E7A4F7556}") = "GraphDemo", "GraphDemo.csproj", "{17D82032-3871-4389-8584-E6563683FAD5}"
EndProject
Project("{2150E333-8FDC-42A3-9474-1A3956D46DE8}") = "Test", "Test", "{52736F46-03C7-4C6E-8813-9A48F94A6F1F}"
EndProject
Project("{FAE04EC0-301F-11D3-BF4B-00C04F79EFBC}") = "GraphDemo.UnitTest", "..\GraphDemo.UnitTest\GraphDemo.UnitTest.csproj", "{706C99DF-252F-4568-BD5E-E7C2DD16E2D4}"
EndProject
Global
	GlobalSection(SolutionConfigurationPlatforms) = preSolution
		Debug|Any CPU = Debug|Any CPU
		Release|Any CPU = Release|Any CPU
	EndGlobalSection
	GlobalSection(ProjectConfigurationPlatforms) = postSolution
		{17D82032-3871-4389-8584-E6563683FAD5}.Debug|Any CPU.ActiveCfg = Debug|Any CPU
		{17D82032-3871-4389-8584-E6563683FAD5}.Debug|Any CPU.Build.0 = Debug|Any CPU
		{17D82032-3871-4389-8584-E6563683FAD5}.Release|Any CPU.ActiveCfg = Release|Any CPU
		{17D82032-3871-4389-8584-E6563683FAD5}.Release|Any CPU.Build.0 = Release|Any CPU
		{706C99DF-252F-4568-BD5E-E7C2DD16E2D4}.Debug|Any CPU.ActiveCfg = Debug|Any CPU
		{706C99DF-252F-4568-BD5E-E7C2DD16E2D4}.Debug|Any CPU.Build.0 = Debug|Any CPU
		{706C99DF-252F-4568-BD5E-E7C2DD16E2D4}.Release|Any CPU.ActiveCfg = Release|Any CPU
		{706C99DF-252F-4568-BD5E-E7C2DD16E2D4}.Release|Any CPU.Build.0 = Release|Any CPU
	EndGlobalSection
	GlobalSection(SolutionProperties) = preSolution
		HideSolutionNode = FALSE
	EndGlobalSection
	GlobalSection(NestedProjects) = preSolution
		{706C99DF-252F-4568-BD5E-E7C2DD16E2D4} = {52736F46-03C7-4C6E-8813-9A48F94A6F1F}
	EndGlobalSection
	GlobalSection(ExtensibilityGlobals) = postSolution
		SolutionGuid = {86E10203-D60E-4009-872B-5CFFAE6712C0}
	EndGlobalSection
EndGlobal
